// !$*UTF8*$!
{
	archiveVersion = 1;
	classes = {
	};
	objectVersion = 50;
	objects = {

/* Begin PBXBuildFile section */
		A1373DAD22F70F21000B44B2 /* AppDelegate.swift in Sources */ = {isa = PBXBuildFile; fileRef = A1373DAC22F70F21000B44B2 /* AppDelegate.swift */; };
		A1373DAF22F70F21000B44B2 /* ViewController.swift in Sources */ = {isa = PBXBuildFile; fileRef = A1373DAE22F70F21000B44B2 /* ViewController.swift */; };
		A1373DB222F70F21000B44B2 /* Main.storyboard in Resources */ = {isa = PBXBuildFile; fileRef = A1373DB022F70F21000B44B2 /* Main.storyboard */; };
		A1373DB422F70F22000B44B2 /* Assets.xcassets in Resources */ = {isa = PBXBuildFile; fileRef = A1373DB322F70F22000B44B2 /* Assets.xcassets */; };
		A1373DB722F70F22000B44B2 /* LaunchScreen.storyboard in Resources */ = {isa = PBXBuildFile; fileRef = A1373DB522F70F22000B44B2 /* LaunchScreen.storyboard */; };
		A1373DC222F70F22000B44B2 /* BinaryTreeNodeTests.swift in Sources */ = {isa = PBXBuildFile; fileRef = A1373DC122F70F22000B44B2 /* BinaryTreeNodeTests.swift */; };
		A1373DCD22F70F22000B44B2 /* BinaryTreeNodeUITests.swift in Sources */ = {isa = PBXBuildFile; fileRef = A1373DCC22F70F22000B44B2 /* BinaryTreeNodeUITests.swift */; };
		A1373DDB22F70F3D000B44B2 /* BinaryTreeNode.swift in Sources */ = {isa = PBXBuildFile; fileRef = A1373DDA22F70F3D000B44B2 /* BinaryTreeNode.swift */; };
/* End PBXBuildFile section */

/* Begin PBXContainerItemProxy section */
		A1373DBE22F70F22000B44B2 /* PBXContainerItemProxy */ = {
			isa = PBXContainerItemProxy;
			containerPortal = A1373DA122F70F21000B44B2 /* Project object */;
			proxyType = 1;
			remoteGlobalIDString = A1373DA822F70F21000B44B2;
			remoteInfo = BinaryTreeNode;
		};
		A1373DC922F70F22000B44B2 /* PBXContainerItemProxy */ = {
			isa = PBXContainerItemProxy;
			containerPortal = A1373DA122F70F21000B44B2 /* Project object */;
			proxyType = 1;
			remoteGlobalIDString = A1373DA822F70F21000B44B2;
			remoteInfo = BinaryTreeNode;
		};
/* End PBXContainerItemProxy section */

/* Begin PBXFileReference section */
		A1373DA922F70F21000B44B2 /* BinaryTreeNode.app */ = {isa = PBXFileReference; explicitFileType = wrapper.application; includeInIndex = 0; path = BinaryTreeNode.app; sourceTree = BUILT_PRODUCTS_DIR; };
		A1373DAC22F70F21000B44B2 /* AppDelegate.swift */ = {isa = PBXFileReference; lastKnownFileType = sourcecode.swift; path = AppDelegate.swift; sourceTree = "<group>"; };
		A1373DAE22F70F21000B44B2 /* ViewController.swift */ = {isa = PBXFileReference; lastKnownFileType = sourcecode.swift; path = ViewController.swift; sourceTree = "<group>"; };
		A1373DB122F70F21000B44B2 /* Base */ = {isa = PBXFileReference; lastKnownFileType = file.storyboard; name = Base; path = Base.lproj/Main.storyboard; sourceTree = "<group>"; };
		A1373DB322F70F22000B44B2 /* Assets.xcassets */ = {isa = PBXFileReference; lastKnownFileType = folder.assetcatalog; path = Assets.xcassets; sourceTree = "<group>"; };
		A1373DB622F70F22000B44B2 /* Base */ = {isa = PBXFileReference; lastKnownFileType = file.storyboard; name = Base; path = Base.lproj/LaunchScreen.storyboard; sourceTree = "<group>"; };
		A1373DB822F70F22000B44B2 /* Info.plist */ = {isa = PBXFileReference; lastKnownFileType = text.plist.xml; path = Info.plist; sourceTree = "<group>"; };
		A1373DBD22F70F22000B44B2 /* BinaryTreeNodeTests.xctest */ = {isa = PBXFileReference; explicitFileType = wrapper.cfbundle; includeInIndex = 0; path = BinaryTreeNodeTests.xctest; sourceTree = BUILT_PRODUCTS_DIR; };
		A1373DC122F70F22000B44B2 /* BinaryTreeNodeTests.swift */ = {isa = PBXFileReference; lastKnownFileType = sourcecode.swift; path = BinaryTreeNodeTests.swift; sourceTree = "<group>"; };
		A1373DC322F70F22000B44B2 /* Info.plist */ = {isa = PBXFileReference; lastKnownFileType = text.plist.xml; path = Info.plist; sourceTree = "<group>"; };
		A1373DC822F70F22000B44B2 /* BinaryTreeNodeUITests.xctest */ = {isa = PBXFileReference; explicitFileType = wrapper.cfbundle; includeInIndex = 0; path = BinaryTreeNodeUITests.xctest; sourceTree = BUILT_PRODUCTS_DIR; };
		A1373DCC22F70F22000B44B2 /* BinaryTreeNodeUITests.swift */ = {isa = PBXFileReference; lastKnownFileType = sourcecode.swift; path = BinaryTreeNodeUITests.swift; sourceTree = "<group>"; };
		A1373DCE22F70F22000B44B2 /* Info.plist */ = {isa = PBXFileReference; lastKnownFileType = text.plist.xml; path = Info.plist; sourceTree = "<group>"; };
		A1373DDA22F70F3D000B44B2 /* BinaryTreeNode.swift */ = {isa = PBXFileReference; lastKnownFileType = sourcecode.swift; path = BinaryTreeNode.swift; sourceTree = "<group>"; };
/* End PBXFileReference section */

/* Begin PBXFrameworksBuildPhase section */
		A1373DA622F70F21000B44B2 /* Frameworks */ = {
			isa = PBXFrameworksBuildPhase;
			buildActionMask = 2147483647;
			files = (
			);
			runOnlyForDeploymentPostprocessing = 0;
		};
		A1373DBA22F70F22000B44B2 /* Frameworks */ = {
			isa = PBXFrameworksBuildPhase;
			buildActionMask = 2147483647;
			files = (
			);
			runOnlyForDeploymentPostprocessing = 0;
		};
		A1373DC522F70F22000B44B2 /* Frameworks */ = {
			isa = PBXFrameworksBuildPhase;
			buildActionMask = 2147483647;
			files = (
			);
			runOnlyForDeploymentPostprocessing = 0;
		};
/* End PBXFrameworksBuildPhase section */

/* Begin PBXGroup section */
		A1373DA022F70F21000B44B2 = {
			isa = PBXGroup;
			children = (
				A1373DAB22F70F21000B44B2 /* BinaryTreeNode */,
				A1373DC022F70F22000B44B2 /* BinaryTreeNodeTests */,
				A1373DCB22F70F22000B44B2 /* BinaryTreeNodeUITests */,
				A1373DAA22F70F21000B44B2 /* Products */,
			);
			sourceTree = "<group>";
		};
		A1373DAA22F70F21000B44B2 /* Products */ = {
			isa = PBXGroup;
			children = (
				A1373DA922F70F21000B44B2 /* BinaryTreeNode.app */,
				A1373DBD22F70F22000B44B2 /* BinaryTreeNodeTests.xctest */,
				A1373DC822F70F22000B44B2 /* BinaryTreeNodeUITests.xctest */,
			);
			name = Products;
			sourceTree = "<group>";
		};
		A1373DAB22F70F21000B44B2 /* BinaryTreeNode */ = {
			isa = PBXGroup;
			children = (
				A1373DAC22F70F21000B44B2 /* AppDelegate.swift */,
				A1373DAE22F70F21000B44B2 /* ViewController.swift */,
				A1373DB022F70F21000B44B2 /* Main.storyboard */,
				A1373DB322F70F22000B44B2 /* Assets.xcassets */,
				A1373DB522F70F22000B44B2 /* LaunchScreen.storyboard */,
				A1373DB822F70F22000B44B2 /* Info.plist */,
				A1373DDA22F70F3D000B44B2 /* BinaryTreeNode.swift */,
			);
			path = BinaryTreeNode;
			sourceTree = "<group>";
		};
		A1373DC022F70F22000B44B2 /* BinaryTreeNodeTests */ = {
			isa = PBXGroup;
			children = (
				A1373DC122F70F22000B44B2 /* BinaryTreeNodeTests.swift */,
				A1373DC322F70F22000B44B2 /* Info.plist */,
			);
			path = BinaryTreeNodeTests;
			sourceTree = "<group>";
		};
		A1373DCB22F70F22000B44B2 /* BinaryTreeNodeUITests */ = {
			isa = PBXGroup;
			children = (
				A1373DCC22F70F22000B44B2 /* BinaryTreeNodeUITests.swift */,
				A1373DCE22F70F22000B44B2 /* Info.plist */,
			);
			path = BinaryTreeNodeUITests;
			sourceTree = "<group>";
		};
/* End PBXGroup section */

/* Begin PBXNativeTarget section */
		A1373DA822F70F21000B44B2 /* BinaryTreeNode */ = {
			isa = PBXNativeTarget;
			buildConfigurationList = A1373DD122F70F22000B44B2 /* Build configuration list for PBXNativeTarget "BinaryTreeNode" */;
			buildPhases = (
				A1373DA522F70F21000B44B2 /* Sources */,
				A1373DA622F70F21000B44B2 /* Frameworks */,
				A1373DA722F70F21000B44B2 /* Resources */,
			);
			buildRules = (
			);
			dependencies = (
			);
			name = BinaryTreeNode;
			productName = BinaryTreeNode;
			productReference = A1373DA922F70F21000B44B2 /* BinaryTreeNode.app */;
			productType = "com.apple.product-type.application";
		};
		A1373DBC22F70F22000B44B2 /* BinaryTreeNodeTests */ = {
			isa = PBXNativeTarget;
			buildConfigurationList = A1373DD422F70F22000B44B2 /* Build configuration list for PBXNativeTarget "BinaryTreeNodeTests" */;
			buildPhases = (
				A1373DB922F70F22000B44B2 /* Sources */,
				A1373DBA22F70F22000B44B2 /* Frameworks */,
				A1373DBB22F70F22000B44B2 /* Resources */,
			);
			buildRules = (
			);
			dependencies = (
				A1373DBF22F70F22000B44B2 /* PBXTargetDependency */,
			);
			name = BinaryTreeNodeTests;
			productName = BinaryTreeNodeTests;
			productReference = A1373DBD22F70F22000B44B2 /* BinaryTreeNodeTests.xctest */;
			productType = "com.apple.product-type.bundle.unit-test";
		};
		A1373DC722F70F22000B44B2 /* BinaryTreeNodeUITests */ = {
			isa = PBXNativeTarget;
			buildConfigurationList = A1373DD722F70F22000B44B2 /* Build configuration list for PBXNativeTarget "BinaryTreeNodeUITests" */;
			buildPhases = (
				A1373DC422F70F22000B44B2 /* Sources */,
				A1373DC522F70F22000B44B2 /* Frameworks */,
				A1373DC622F70F22000B44B2 /* Resources */,
			);
			buildRules = (
			);
			dependencies = (
				A1373DCA22F70F22000B44B2 /* PBXTargetDependency */,
			);
			name = BinaryTreeNodeUITests;
			productName = BinaryTreeNodeUITests;
			productReference = A1373DC822F70F22000B44B2 /* BinaryTreeNodeUITests.xctest */;
			productType = "com.apple.product-type.bundle.ui-testing";
		};
/* End PBXNativeTarget section */

/* Begin PBXProject section */
		A1373DA122F70F21000B44B2 /* Project object */ = {
			isa = PBXProject;
			attributes = {
				LastSwiftUpdateCheck = 1020;
				LastUpgradeCheck = 1020;
				ORGANIZATIONNAME = Myron;
				TargetAttributes = {
					A1373DA822F70F21000B44B2 = {
						CreatedOnToolsVersion = 10.2.1;
					};
					A1373DBC22F70F22000B44B2 = {
						CreatedOnToolsVersion = 10.2.1;
						TestTargetID = A1373DA822F70F21000B44B2;
					};
					A1373DC722F70F22000B44B2 = {
						CreatedOnToolsVersion = 10.2.1;
						TestTargetID = A1373DA822F70F21000B44B2;
					};
				};
			};
			buildConfigurationList = A1373DA422F70F21000B44B2 /* Build configuration list for PBXProject "BinaryTreeNode" */;
			compatibilityVersion = "Xcode 9.3";
			developmentRegion = en;
			hasScannedForEncodings = 0;
			knownRegions = (
				en,
				Base,
			);
			mainGroup = A1373DA022F70F21000B44B2;
			productRefGroup = A1373DAA22F70F21000B44B2 /* Products */;
			projectDirPath = "";
			projectRoot = "";
			targets = (
				A1373DA822F70F21000B44B2 /* BinaryTreeNode */,
				A1373DBC22F70F22000B44B2 /* BinaryTreeNodeTests */,
				A1373DC722F70F22000B44B2 /* BinaryTreeNodeUITests */,
			);
		};
/* End PBXProject section */

/* Begin PBXResourcesBuildPhase section */
		A1373DA722F70F21000B44B2 /* Resources */ = {
			isa = PBXResourcesBuildPhase;
			buildActionMask = 2147483647;
			files = (
				A1373DB722F70F22000B44B2 /* LaunchScreen.storyboard in Resources */,
				A1373DB422F70F22000B44B2 /* Assets.xcassets in Resources */,
				A1373DB222F70F21000B44B2 /* Main.storyboard in Resources */,
			);
			runOnlyForDeploymentPostprocessing = 0;
		};
		A1373DBB22F70F22000B44B2 /* Resources */ = {
			isa = PBXResourcesBuildPhase;
			buildActionMask = 2147483647;
			files = (
			);
			runOnlyForDeploymentPostprocessing = 0;
		};
		A1373DC622F70F22000B44B2 /* Resources */ = {
			isa = PBXResourcesBuildPhase;
			buildActionMask = 2147483647;
			files = (
			);
			runOnlyForDeploymentPostprocessing = 0;
		};
/* End PBXResourcesBuildPhase section */

/* Begin PBXSourcesBuildPhase section */
		A1373DA522F70F21000B44B2 /* Sources */ = {
			isa = PBXSourcesBuildPhase;
			buildActionMask = 2147483647;
			files = (
				A1373DAF22F70F21000B44B2 /* ViewController.swift in Sources */,
				A1373DAD22F70F21000B44B2 /* AppDelegate.swift in Sources */,
				A1373DDB22F70F3D000B44B2 /* BinaryTreeNode.swift in Sources */,
			);
			runOnlyForDeploymentPostprocessing = 0;
		};
		A1373DB922F70F22000B44B2 /* Sources */ = {
			isa = PBXSourcesBuildPhase;
			buildActionMask = 2147483647;
			files = (
				A1373DC222F70F22000B44B2 /* BinaryTreeNodeTests.swift in Sources */,
			);
			runOnlyForDeploymentPostprocessing = 0;
		};
		A1373DC422F70F22000B44B2 /* Sources */ = {
			isa = PBXSourcesBuildPhase;
			buildActionMask = 2147483647;
			files = (
				A1373DCD22F70F22000B44B2 /* BinaryTreeNodeUITests.swift in Sources */,
			);
			runOnlyForDeploymentPostprocessing = 0;
		};
/* End PBXSourcesBuildPhase section */

/* Begin PBXTargetDependency section */
		A1373DBF22F70F22000B44B2 /* PBXTargetDependency */ = {
			isa = PBXTargetDependency;
			target = A1373DA822F70F21000B44B2 /* BinaryTreeNode */;
			targetProxy = A1373DBE22F70F22000B44B2 /* PBXContainerItemProxy */;
		};
		A1373DCA22F70F22000B44B2 /* PBXTargetDependency */ = {
			isa = PBXTargetDependency;
			target = A1373DA822F70F21000B44B2 /* BinaryTreeNode */;
			targetProxy = A1373DC922F70F22000B44B2 /* PBXContainerItemProxy */;
		};
/* End PBXTargetDependency section */

/* Begin PBXVariantGroup section */
		A1373DB022F70F21000B44B2 /* Main.storyboard */ = {
			isa = PBXVariantGroup;
			children = (
				A1373DB122F70F21000B44B2 /* Base */,
			);
			name = Main.storyboard;
			sourceTree = "<group>";
		};
		A1373DB522F70F22000B44B2 /* LaunchScreen.storyboard */ = {
			isa = PBXVariantGroup;
			children = (
				A1373DB622F70F22000B44B2 /* Base */,
			);
			name = LaunchScreen.storyboard;
			sourceTree = "<group>";
		};
/* End PBXVariantGroup section */

/* Begin XCBuildConfiguration section */
		A1373DCF22F70F22000B44B2 /* Debug */ = {
			isa = XCBuildConfiguration;
			buildSettings = {
				ALWAYS_SEARCH_USER_PATHS = NO;
				CLANG_ANALYZER_NONNULL = YES;
				CLANG_ANALYZER_NUMBER_OBJECT_CONVERSION = YES_AGGRESSIVE;
				CLANG_CXX_LANGUAGE_STANDARD = "gnu++14";
				CLANG_CXX_LIBRARY = "libc++";
				CLANG_ENABLE_MODULES = YES;
				CLANG_ENABLE_OBJC_ARC = YES;
				CLANG_ENABLE_OBJC_WEAK = YES;
				CLANG_WARN_BLOCK_CAPTURE_AUTORELEASING = YES;
				CLANG_WARN_BOOL_CONVERSION = YES;
				CLANG_WARN_COMMA = YES;
				CLANG_WARN_CONSTANT_CONVERSION = YES;
				CLANG_WARN_DEPRECATED_OBJC_IMPLEMENTATIONS = YES;
				CLANG_WARN_DIRECT_OBJC_ISA_USAGE = YES_ERROR;
				CLANG_WARN_DOCUMENTATION_COMMENTS = YES;
				CLANG_WARN_EMPTY_BODY = YES;
				CLANG_WARN_ENUM_CONVERSION = YES;
				CLANG_WARN_INFINITE_RECURSION = YES;
				CLANG_WARN_INT_CONVERSION = YES;
				CLANG_WARN_NON_LITERAL_NULL_CONVERSION = YES;
				CLANG_WARN_OBJC_IMPLICIT_RETAIN_SELF = YES;
				CLANG_WARN_OBJC_LITERAL_CONVERSION = YES;
				CLANG_WARN_OBJC_ROOT_CLASS = YES_ERROR;
				CLANG_WARN_RANGE_LOOP_ANALYSIS = YES;
				CLANG_WARN_STRICT_PROTOTYPES = YES;
				CLANG_WARN_SUSPICIOUS_MOVE = YES;
				CLANG_WARN_UNGUARDED_AVAILABILITY = YES_AGGRESSIVE;
				CLANG_WARN_UNREACHABLE_CODE = YES;
				CLANG_WARN__DUPLICATE_METHOD_MATCH = YES;
				CODE_SIGN_IDENTITY = "iPhone Developer";
				COPY_PHASE_STRIP = NO;
				DEBUG_INFORMATION_FORMAT = dwarf;
				ENABLE_STRICT_OBJC_MSGSEND = YES;
				ENABLE_TESTABILITY = YES;
				GCC_C_LANGUAGE_STANDARD = gnu11;
				GCC_DYNAMIC_NO_PIC = NO;
				GCC_NO_COMMON_BLOCKS = YES;
				GCC_OPTIMIZATION_LEVEL = 0;
				GCC_PREPROCESSOR_DEFINITIONS = (
					"DEBUG=1",
					"$(inherited)",
				);
				GCC_WARN_64_TO_32_BIT_CONVERSION = YES;
				GCC_WARN_ABOUT_RETURN_TYPE = YES_ERROR;
				GCC_WARN_UNDECLARED_SELECTOR = YES;
				GCC_WARN_UNINITIALIZED_AUTOS = YES_AGGRESSIVE;
				GCC_WARN_UNUSED_FUNCTION = YES;
				GCC_WARN_UNUSED_VARIABLE = YES;
				IPHONEOS_DEPLOYMENT_TARGET = 12.2;
				MTL_ENABLE_DEBUG_INFO = INCLUDE_SOURCE;
				MTL_FAST_MATH = YES;
				ONLY_ACTIVE_ARCH = YES;
				SDKROOT = iphoneos;
				SWIFT_ACTIVE_COMPILATION_CONDITIONS = DEBUG;
				SWIFT_OPTIMIZATION_LEVEL = "-Onone";
			};
			name = Debug;
		};
		A1373DD022F70F22000B44B2 /* Release */ = {
			isa = XCBuildConfiguration;
			buildSettings = {
				ALWAYS_SEARCH_USER_PATHS = NO;
				CLANG_ANALYZER_NONNULL = YES;
				CLANG_ANALYZER_NUMBER_OBJECT_CONVERSION = YES_AGGRESSIVE;
				CLANG_CXX_LANGUAGE_STANDARD = "gnu++14";
				CLANG_CXX_LIBRARY = "libc++";
				CLANG_ENABLE_MODULES = YES;
				CLANG_ENABLE_OBJC_ARC = YES;
				CLANG_ENABLE_OBJC_WEAK = YES;
				CLANG_WARN_BLOCK_CAPTURE_AUTORELEASING = YES;
				CLANG_WARN_BOOL_CONVERSION = YES;
				CLANG_WARN_COMMA = YES;
				CLANG_WARN_CONSTANT_CONVERSION = YES;
				CLANG_WARN_DEPRECATED_OBJC_IMPLEMENTATIONS = YES;
				CLANG_WARN_DIRECT_OBJC_ISA_USAGE = YES_ERROR;
				CLANG_WARN_DOCUMENTATION_COMMENTS = YES;
				CLANG_WARN_EMPTY_BODY = YES;
				CLANG_WARN_ENUM_CONVERSION = YES;
				CLANG_WARN_INFINITE_RECURSION = YES;
				CLANG_WARN_INT_CONVERSION = YES;
				CLANG_WARN_NON_LITERAL_NULL_CONVERSION = YES;
				CLANG_WARN_OBJC_IMPLICIT_RETAIN_SELF = YES;
				CLANG_WARN_OBJC_LITERAL_CONVERSION = YES;
				CLANG_WARN_OBJC_ROOT_CLASS = YES_ERROR;
				CLANG_WARN_RANGE_LOOP_ANALYSIS = YES;
				CLANG_WARN_STRICT_PROTOTYPES = YES;
				CLANG_WARN_SUSPICIOUS_MOVE = YES;
				CLANG_WARN_UNGUARDED_AVAILABILITY = YES_AGGRESSIVE;
				CLANG_WARN_UNREACHABLE_CODE = YES;
				CLANG_WARN__DUPLICATE_METHOD_MATCH = YES;
				CODE_SIGN_IDENTITY = "iPhone Developer";
				COPY_PHASE_STRIP = NO;
				DEBUG_INFORMATION_FORMAT = "dwarf-with-dsym";
				ENABLE_NS_ASSERTIONS = NO;
				ENABLE_STRICT_OBJC_MSGSEND = YES;
				GCC_C_LANGUAGE_STANDARD = gnu11;
				GCC_NO_COMMON_BLOCKS = YES;
				GCC_WARN_64_TO_32_BIT_CONVERSION = YES;
				GCC_WARN_ABOUT_RETURN_TYPE = YES_ERROR;
				GCC_WARN_UNDECLARED_SELECTOR = YES;
				GCC_WARN_UNINITIALIZED_AUTOS = YES_AGGRESSIVE;
				GCC_WARN_UNUSED_FUNCTION = YES;
				GCC_WARN_UNUSED_VARIABLE = YES;
				IPHONEOS_DEPLOYMENT_TARGET = 12.2;
				MTL_ENABLE_DEBUG_INFO = NO;
				MTL_FAST_MATH = YES;
				SDKROOT = iphoneos;
				SWIFT_COMPILATION_MODE = wholemodule;
				SWIFT_OPTIMIZATION_LEVEL = "-O";
				VALIDATE_PRODUCT = YES;
			};
			name = Release;
		};
		A1373DD222F70F22000B44B2 /* Debug */ = {
			isa = XCBuildConfiguration;
			buildSettings = {
				ASSETCATALOG_COMPILER_APPICON_NAME = AppIcon;
				CODE_SIGN_STYLE = Automatic;
				DEVELOPMENT_TEAM = KGB4YH8FC6;
				INFOPLIST_FILE = BinaryTreeNode/Info.plist;
				LD_RUNPATH_SEARCH_PATHS = (
					"$(inherited)",
					"@executable_path/Frameworks",
				);
				PRODUCT_BUNDLE_IDENTIFIER = com.myron.Stack;
				PRODUCT_NAME = "$(TARGET_NAME)";
				SWIFT_VERSION = 5.0;
				TARGETED_DEVICE_FAMILY = "1,2";
			};
			name = Debug;
		};
		A1373DD322F70F22000B44B2 /* Release */ = {
			isa = XCBuildConfiguration;
			buildSettings = {
				ASSETCATALOG_COMPILER_APPICON_NAME = AppIcon;
				CODE_SIGN_STYLE = Automatic;
				DEVELOPMENT_TEAM = KGB4YH8FC6;
				INFOPLIST_FILE = BinaryTreeNode/Info.plist;
				LD_RUNPATH_SEARCH_PATHS = (
					"$(inherited)",
					"@executable_path/Frameworks",
				);
				PRODUCT_BUNDLE_IDENTIFIER = com.myron.Stack;
				PRODUCT_NAME = "$(TARGET_NAME)";
				SWIFT_VERSION = 5.0;
				TARGETED_DEVICE_FAMILY = "1,2";
			};
			name = Release;
		};
		A1373DD522F70F22000B44B2 /* Debug */ = {
			isa = XCBuildConfiguration;
			buildSettings = {
				ALWAYS_EMBED_SWIFT_STANDARD_LIBRARIES = YES;
				BUNDLE_LOADER = "$(TEST_HOST)";
				CODE_SIGN_STYLE = Automatic;
				DEVELOPMENT_TEAM = KGB4YH8FC6;
				INFOPLIST_FILE = BinaryTreeNodeTests/Info.plist;
				LD_RUNPATH_SEARCH_PATHS = (
					"$(inherited)",
					"@executable_path/Frameworks",
					"@loader_path/Frameworks",
				);
				PRODUCT_BUNDLE_IDENTIFIER = com.myron.BinaryTreeNodeTests;
				PRODUCT_NAME = "$(TARGET_NAME)";
				SWIFT_VERSION = 5.0;
				TARGETED_DEVICE_FAMILY = "1,2";
				TEST_HOST = "$(BUILT_PRODUCTS_DIR)/BinaryTreeNode.app/BinaryTreeNode";
			};
			name = Debug;
		};
		A1373DD622F70F22000B44B2 /* Release */ = {
			isa = XCBuildConfiguration;
			buildSettings = {
				ALWAYS_EMBED_SWIFT_STANDARD_LIBRARIES = YES;
				BUNDLE_LOADER = "$(TEST_HOST)";
				CODE_SIGN_STYLE = Automatic;
				DEVELOPMENT_TEAM = KGB4YH8FC6;
				INFOPLIST_FILE = BinaryTreeNodeTests/Info.plist;
				LD_RUNPATH_SEARCH_PATHS = (
					"$(inherited)",
					"@executable_path/Frameworks",
					"@loader_path/Frameworks",
				);
				PRODUCT_BUNDLE_IDENTIFIER = com.myron.BinaryTreeNodeTests;
				PRODUCT_NAME = "$(TARGET_NAME)";
				SWIFT_VERSION = 5.0;
				TARGETED_DEVICE_FAMILY = "1,2";
				TEST_HOST = "$(BUILT_PRODUCTS_DIR)/BinaryTreeNode.app/BinaryTreeNode";
			};
			name = Release;
		};
		A1373DD822F70F22000B44B2 /* Debug */ = {
			isa = XCBuildConfiguration;
			buildSettings = {
				ALWAYS_EMBED_SWIFT_STANDARD_LIBRARIES = YES;
				CODE_SIGN_STYLE = Automatic;
				DEVELOPMENT_TEAM = KGB4YH8FC6;
				INFOPLIST_FILE = BinaryTreeNodeUITests/Info.plist;
				LD_RUNPATH_SEARCH_PATHS = (
					"$(inherited)",
					"@executable_path/Frameworks",
					"@loader_path/Frameworks",
				);
				PRODUCT_BUNDLE_IDENTIFIER = com.myron.BinaryTreeNodeUITests;
				PRODUCT_NAME = "$(TARGET_NAME)";
				SWIFT_VERSION = 5.0;
				TARGETED_DEVICE_FAMILY = "1,2";
				TEST_TARGET_NAME = BinaryTreeNode;
			};
			name = Debug;
		};
		A1373DD922F70F22000B44B2 /* Release */ = {
			isa = XCBuildConfiguration;
			buildSettings = {
				ALWAYS_EMBED_SWIFT_STANDARD_LIBRARIES = YES;
				CODE_SIGN_STYLE = Automatic;
				DEVELOPMENT_TEAM = KGB4YH8FC6;
				INFOPLIST_FILE = BinaryTreeNodeUITests/Info.plist;
				LD_RUNPATH_SEARCH_PATHS = (
					"$(inherited)",
					"@executable_path/Frameworks",
					"@loader_path/Frameworks",
				);
				PRODUCT_BUNDLE_IDENTIFIER = com.myron.BinaryTreeNodeUITests;
				PRODUCT_NAME = "$(TARGET_NAME)";
				SWIFT_VERSION = 5.0;
				TARGETED_DEVICE_FAMILY = "1,2";
				TEST_TARGET_NAME = BinaryTreeNode;
			};
			name = Release;
		};
/* End XCBuildConfiguration section */

/* Begin XCConfigurationList section */
		A1373DA422F70F21000B44B2 /* Build configuration list for PBXProject "BinaryTreeNode" */ = {
			isa = XCConfigurationList;
			buildConfigurations = (
				A1373DCF22F70F22000B44B2 /* Debug */,
				A1373DD022F70F22000B44B2 /* Release */,
			);
			defaultConfigurationIsVisible = 0;
			defaultConfigurationName = Release;
		};
		A1373DD122F70F22000B44B2 /* Build configuration list for PBXNativeTarget "BinaryTreeNode" */ = {
			isa = XCConfigurationList;
			buildConfigurations = (
				A1373DD222F70F22000B44B2 /* Debug */,
				A1373DD322F70F22000B44B2 /* Release */,
			);
			defaultConfigurationIsVisible = 0;
			defaultConfigurationName = Release;
		};
		A1373DD422F70F22000B44B2 /* Build configuration list for PBXNativeTarget "BinaryTreeNodeTests" */ = {
			isa = XCConfigurationList;
			buildConfigurations = (
				A1373DD522F70F22000B44B2 /* Debug */,
				A1373DD622F70F22000B44B2 /* Release */,
			);
			defaultConfigurationIsVisible = 0;
			defaultConfigurationName = Release;
		};
		A1373DD722F70F22000B44B2 /* Build configuration list for PBXNativeTarget "BinaryTreeNodeUITests" */ = {
			isa = XCConfigurationList;
			buildConfigurations = (
				A1373DD822F70F22000B44B2 /* Debug */,
				A1373DD922F70F22000B44B2 /* Release */,
			);
			defaultConfigurationIsVisible = 0;
			defaultConfigurationName = Release;
		};
/* End XCConfigurationList section */
	};
	rootObject = A1373DA122F70F21000B44B2 /* Project object */;
}
